
Microsoft Visual Studio Solution File, Format Version 12.00
# Visual Studio Version 17
VisualStudioVersion = 17.5.33516.290
MinimumVisualStudioVersion = 10.0.40219.1
Project("{888888A0-9F3D-457C-B088-3A5042F75D52}") = "ECMComponentsRecognition", "ECMComponentsRecognition.pyproj", "{E725BD3F-9868-4E25-A05C-521929A5466D}"
EndProject
Global
	GlobalSection(SolutionConfigurationPlatforms) = preSolution
		Debug|Any CPU = Debug|Any CPU
		Release|Any CPU = Release|Any CPU
	EndGlobalSection
	GlobalSection(ProjectConfigurationPlatforms) = postSolution
		{E725BD3F-9868-4E25-A05C-521929A5466D}.Debug|Any CPU.ActiveCfg = Debug|Any CPU
		{E725BD3F-9868-4E25-A05C-521929A5466D}.Release|Any CPU.ActiveCfg = Release|Any CPU
	EndGlobalSection
	GlobalSection(SolutionProperties) = preSolution
		HideSolutionNode = FALSE
	EndGlobalSection
	GlobalSection(ExtensibilityGlobals) = postSolution
		SolutionGuid = {8115E4C8-2E3F-4E63-9671-DCF120122130}
	EndGlobalSection
EndGlobal
