
Microsoft Visual Studio Solution File, Format Version 12.00
# Visual Studio Version 17
VisualStudioVersion = 17.5.33516.290
MinimumVisualStudioVersion = 10.0.40219.1
Project("{888888A0-9F3D-457C-B088-3A5042F75D52}") = "MuskelzellenSkripteOhneBilder", "MuskelzellenSkripteOhneBilder.pyproj", "{13BCF7A6-9163-48A5-9226-EEB0E14AE70D}"
EndProject
Global
	GlobalSection(SolutionConfigurationPlatforms) = preSolution
		Debug|Any CPU = Debug|Any CPU
		Release|Any CPU = Release|Any CPU
	EndGlobalSection
	GlobalSection(ProjectConfigurationPlatforms) = postSolution
		{13BCF7A6-9163-48A5-9226-EEB0E14AE70D}.Debug|Any CPU.ActiveCfg = Debug|Any CPU
		{13BCF7A6-9163-48A5-9226-EEB0E14AE70D}.Release|Any CPU.ActiveCfg = Release|Any CPU
	EndGlobalSection
	GlobalSection(SolutionProperties) = preSolution
		HideSolutionNode = FALSE
	EndGlobalSection
	GlobalSection(ExtensibilityGlobals) = postSolution
		SolutionGuid = {E583B02A-534B-4686-8A36-59AE9F2ECB3D}
	EndGlobalSection
EndGlobal
