
Microsoft Visual Studio Solution File, Format Version 12.00
# Visual Studio Version 17
VisualStudioVersion = 17.5.33516.290
MinimumVisualStudioVersion = 10.0.40219.1
Project("{888888A0-9F3D-457C-B088-3A5042F75D52}") = "CellconnectionRecognition", "CellconnectionRecognition.pyproj", "{1CF88361-AFF1-4F25-A06A-E43600CB6E46}"
EndProject
Global
	GlobalSection(SolutionConfigurationPlatforms) = preSolution
		Debug|Any CPU = Debug|Any CPU
		Release|Any CPU = Release|Any CPU
	EndGlobalSection
	GlobalSection(ProjectConfigurationPlatforms) = postSolution
		{1CF88361-AFF1-4F25-A06A-E43600CB6E46}.Debug|Any CPU.ActiveCfg = Debug|Any CPU
		{1CF88361-AFF1-4F25-A06A-E43600CB6E46}.Release|Any CPU.ActiveCfg = Release|Any CPU
	EndGlobalSection
	GlobalSection(SolutionProperties) = preSolution
		HideSolutionNode = FALSE
	EndGlobalSection
	GlobalSection(ExtensibilityGlobals) = postSolution
		SolutionGuid = {8E6296B0-73E8-401D-A258-9561EF2B298F}
	EndGlobalSection
EndGlobal
