
Microsoft Visual Studio Solution File, Format Version 12.00
# Visual Studio Version 17
VisualStudioVersion = 17.5.33530.505
MinimumVisualStudioVersion = 10.0.40219.1
Project("{888888A0-9F3D-457C-B088-3A5042F75D52}") = "OverlappingCellsRecognition", "OverlappingCellsRecognition.pyproj", "{A34F1DF2-6C38-42F3-B18B-535FD158214F}"
EndProject
Global
	GlobalSection(SolutionConfigurationPlatforms) = preSolution
		Debug|Any CPU = Debug|Any CPU
		Release|Any CPU = Release|Any CPU
	EndGlobalSection
	GlobalSection(ProjectConfigurationPlatforms) = postSolution
		{A34F1DF2-6C38-42F3-B18B-535FD158214F}.Debug|Any CPU.ActiveCfg = Debug|Any CPU
		{A34F1DF2-6C38-42F3-B18B-535FD158214F}.Release|Any CPU.ActiveCfg = Release|Any CPU
	EndGlobalSection
	GlobalSection(SolutionProperties) = preSolution
		HideSolutionNode = FALSE
	EndGlobalSection
	GlobalSection(ExtensibilityGlobals) = postSolution
		SolutionGuid = {4878A2E5-1C98-40D4-AE48-AF601167DC4D}
	EndGlobalSection
EndGlobal
